
Microsoft Visual Studio Solution File, Format Version 12.00
# Visual Studio Version 17
VisualStudioVersion = 17.9.34723.18
MinimumVisualStudioVersion = 10.0.40219.1
Project("{9A19103F-16F7-4668-BE54-9A1E7A4F7556}") = "RebuildAnalyzer.Test.Subject.Console3", "RebuildAnalyzer.Test.Subject.Console3\RebuildAnalyzer.Test.Subject.Console3.csproj", "{DFE8AE50-A46E-4770-B05B-C4BE1C7E58EC}"
EndProject
Project("{9A19103F-16F7-4668-BE54-9A1E7A4F7556}") = "RebuildAnalyzer.Test.Subject.Common23", "RebuildAnalyzer.Test.Subject.Common23\RebuildAnalyzer.Test.Subject.Common23.csproj", "{C97CE304-0F88-4234-BB1C-A8D1A0D1F08D}"
EndProject
Global
	GlobalSection(SolutionConfigurationPlatforms) = preSolution
		Debug|Any CPU = Debug|Any CPU
		Release|Any CPU = Release|Any CPU
	EndGlobalSection
	GlobalSection(ProjectConfigurationPlatforms) = postSolution
		{DFE8AE50-A46E-4770-B05B-C4BE1C7E58EC}.Debug|Any CPU.ActiveCfg = Debug|Any CPU
		{DFE8AE50-A46E-4770-B05B-C4BE1C7E58EC}.Debug|Any CPU.Build.0 = Debug|Any CPU
		{DFE8AE50-A46E-4770-B05B-C4BE1C7E58EC}.Release|Any CPU.ActiveCfg = Release|Any CPU
		{DFE8AE50-A46E-4770-B05B-C4BE1C7E58EC}.Release|Any CPU.Build.0 = Release|Any CPU
		{C97CE304-0F88-4234-BB1C-A8D1A0D1F08D}.Debug|Any CPU.ActiveCfg = Debug|Any CPU
		{C97CE304-0F88-4234-BB1C-A8D1A0D1F08D}.Debug|Any CPU.Build.0 = Debug|Any CPU
		{C97CE304-0F88-4234-BB1C-A8D1A0D1F08D}.Release|Any CPU.ActiveCfg = Release|Any CPU
		{C97CE304-0F88-4234-BB1C-A8D1A0D1F08D}.Release|Any CPU.Build.0 = Release|Any CPU
	EndGlobalSection
	GlobalSection(SolutionProperties) = preSolution
		HideSolutionNode = FALSE
	EndGlobalSection
	GlobalSection(ExtensibilityGlobals) = postSolution
		SolutionGuid = {667321D6-71EE-42B7-BC8C-48E0F40B604E}
	EndGlobalSection
EndGlobal
